
Microsoft Visual Studio Solution File, Format Version 12.00
# Visual Studio Version 16
VisualStudioVersion = 16.0.31005.135
MinimumVisualStudioVersion = 10.0.40219.1
Project("{2150E333-8FDC-42A3-9474-1A3956D46DE8}") = "Services", "Services", "{A7BE4F9A-1838-45EA-BA86-8325B7FDE743}"
EndProject
Project("{2150E333-8FDC-42A3-9474-1A3956D46DE8}") = "Catalog", "Catalog", "{59262958-930B-4F01-AB8C-80A3CF079B74}"
EndProject
Project("{9A19103F-16F7-4668-BE54-9A1E7A4F7556}") = "Catalog.API", "Services\Catalog\Catalog.API\Catalog.API.csproj", "{6BD9B5E2-62AC-4633-A826-6F47AA4E67CC}"
EndProject
Project("{E53339B2-1760-4266-BCC7-CA923CBCF16C}") = "docker-compose", "docker-compose.dcproj", "{E7173F9B-167D-4E18-90F4-68FB1BBDB782}"
EndProject
Project("{2150E333-8FDC-42A3-9474-1A3956D46DE8}") = "Basket", "Basket", "{130E5E91-77B3-41CD-9796-9A2E288E9142}"
EndProject
Project("{9A19103F-16F7-4668-BE54-9A1E7A4F7556}") = "Basket.API", "Services\Basket\Basket.API\Basket.API.csproj", "{9F8A53F2-0BFF-459A-A83A-E59C2473AA76}"
EndProject
Project("{2150E333-8FDC-42A3-9474-1A3956D46DE8}") = "Discount", "Discount", "{52C67060-F6AB-4ADD-BA24-A6CA4A5CEC1F}"
EndProject
Project("{9A19103F-16F7-4668-BE54-9A1E7A4F7556}") = "Discount.API", "Services\Discount\Discount.API\Discount.API.csproj", "{27DCDBD2-A25C-4990-8F22-958AE8370740}"
EndProject
Project("{9A19103F-16F7-4668-BE54-9A1E7A4F7556}") = "Discount.Grpc", "Services\Discount\Discount.Grpc\Discount.Grpc.csproj", "{308F7E97-2E4D-44E9-B6F7-BB830C7AA681}"
EndProject
Project("{2150E333-8FDC-42A3-9474-1A3956D46DE8}") = "Ordering", "Ordering", "{085F4304-F2DB-4994-9B27-D7479E9ADAE3}"
EndProject
Project("{9A19103F-16F7-4668-BE54-9A1E7A4F7556}") = "Ordering.API", "Services\Ordering\Ordering.API\Ordering.API.csproj", "{D6DA34A1-A026-4A18-8444-65B756E7CC89}"
EndProject
Project("{9A19103F-16F7-4668-BE54-9A1E7A4F7556}") = "Ordering.Domain", "Services\Ordering\Ordering.Domain\Ordering.Domain.csproj", "{CBC92C17-D01D-4C26-8849-257889743174}"
EndProject
Project("{FAE04EC0-301F-11D3-BF4B-00C04F79EFBC}") = "Ordering.Application", "Services\Ordering\Ordering.Application\Ordering.Application.csproj", "{6AFA5235-DE6B-4DEA-A88A-18566A960F68}"
EndProject
Project("{FAE04EC0-301F-11D3-BF4B-00C04F79EFBC}") = "Ordering.Infrastructure", "Services\Ordering\Ordering.Infrastructure\Ordering.Infrastructure.csproj", "{705E93FC-8195-4E67-B91C-FF918B676EDF}"
EndProject
Global
	GlobalSection(SolutionConfigurationPlatforms) = preSolution
		Debug|Any CPU = Debug|Any CPU
		Release|Any CPU = Release|Any CPU
	EndGlobalSection
	GlobalSection(ProjectConfigurationPlatforms) = postSolution
		{6BD9B5E2-62AC-4633-A826-6F47AA4E67CC}.Debug|Any CPU.ActiveCfg = Debug|Any CPU
		{6BD9B5E2-62AC-4633-A826-6F47AA4E67CC}.Debug|Any CPU.Build.0 = Debug|Any CPU
		{6BD9B5E2-62AC-4633-A826-6F47AA4E67CC}.Release|Any CPU.ActiveCfg = Release|Any CPU
		{6BD9B5E2-62AC-4633-A826-6F47AA4E67CC}.Release|Any CPU.Build.0 = Release|Any CPU
		{E7173F9B-167D-4E18-90F4-68FB1BBDB782}.Debug|Any CPU.ActiveCfg = Debug|Any CPU
		{E7173F9B-167D-4E18-90F4-68FB1BBDB782}.Debug|Any CPU.Build.0 = Debug|Any CPU
		{E7173F9B-167D-4E18-90F4-68FB1BBDB782}.Release|Any CPU.ActiveCfg = Release|Any CPU
		{E7173F9B-167D-4E18-90F4-68FB1BBDB782}.Release|Any CPU.Build.0 = Release|Any CPU
		{9F8A53F2-0BFF-459A-A83A-E59C2473AA76}.Debug|Any CPU.ActiveCfg = Debug|Any CPU
		{9F8A53F2-0BFF-459A-A83A-E59C2473AA76}.Debug|Any CPU.Build.0 = Debug|Any CPU
		{9F8A53F2-0BFF-459A-A83A-E59C2473AA76}.Release|Any CPU.ActiveCfg = Release|Any CPU
		{9F8A53F2-0BFF-459A-A83A-E59C2473AA76}.Release|Any CPU.Build.0 = Release|Any CPU
		{27DCDBD2-A25C-4990-8F22-958AE8370740}.Debug|Any CPU.ActiveCfg = Debug|Any CPU
		{27DCDBD2-A25C-4990-8F22-958AE8370740}.Debug|Any CPU.Build.0 = Debug|Any CPU
		{27DCDBD2-A25C-4990-8F22-958AE8370740}.Release|Any CPU.ActiveCfg = Release|Any CPU
		{27DCDBD2-A25C-4990-8F22-958AE8370740}.Release|Any CPU.Build.0 = Release|Any CPU
		{308F7E97-2E4D-44E9-B6F7-BB830C7AA681}.Debug|Any CPU.ActiveCfg = Debug|Any CPU
		{308F7E97-2E4D-44E9-B6F7-BB830C7AA681}.Debug|Any CPU.Build.0 = Debug|Any CPU
		{308F7E97-2E4D-44E9-B6F7-BB830C7AA681}.Release|Any CPU.ActiveCfg = Release|Any CPU
		{308F7E97-2E4D-44E9-B6F7-BB830C7AA681}.Release|Any CPU.Build.0 = Release|Any CPU
		{D6DA34A1-A026-4A18-8444-65B756E7CC89}.Debug|Any CPU.ActiveCfg = Debug|Any CPU
		{D6DA34A1-A026-4A18-8444-65B756E7CC89}.Debug|Any CPU.Build.0 = Debug|Any CPU
		{D6DA34A1-A026-4A18-8444-65B756E7CC89}.Release|Any CPU.ActiveCfg = Release|Any CPU
		{D6DA34A1-A026-4A18-8444-65B756E7CC89}.Release|Any CPU.Build.0 = Release|Any CPU
		{CBC92C17-D01D-4C26-8849-257889743174}.Debug|Any CPU.ActiveCfg = Debug|Any CPU
		{CBC92C17-D01D-4C26-8849-257889743174}.Debug|Any CPU.Build.0 = Debug|Any CPU
		{CBC92C17-D01D-4C26-8849-257889743174}.Release|Any CPU.ActiveCfg = Release|Any CPU
		{CBC92C17-D01D-4C26-8849-257889743174}.Release|Any CPU.Build.0 = Release|Any CPU
		{6AFA5235-DE6B-4DEA-A88A-18566A960F68}.Debug|Any CPU.ActiveCfg = Debug|Any CPU
		{6AFA5235-DE6B-4DEA-A88A-18566A960F68}.Debug|Any CPU.Build.0 = Debug|Any CPU
		{6AFA5235-DE6B-4DEA-A88A-18566A960F68}.Release|Any CPU.ActiveCfg = Release|Any CPU
		{6AFA5235-DE6B-4DEA-A88A-18566A960F68}.Release|Any CPU.Build.0 = Release|Any CPU
		{705E93FC-8195-4E67-B91C-FF918B676EDF}.Debug|Any CPU.ActiveCfg = Debug|Any CPU
		{705E93FC-8195-4E67-B91C-FF918B676EDF}.Debug|Any CPU.Build.0 = Debug|Any CPU
		{705E93FC-8195-4E67-B91C-FF918B676EDF}.Release|Any CPU.ActiveCfg = Release|Any CPU
		{705E93FC-8195-4E67-B91C-FF918B676EDF}.Release|Any CPU.Build.0 = Release|Any CPU
	EndGlobalSection
	GlobalSection(SolutionProperties) = preSolution
		HideSolutionNode = FALSE
	EndGlobalSection
	GlobalSection(NestedProjects) = preSolution
		{59262958-930B-4F01-AB8C-80A3CF079B74} = {A7BE4F9A-1838-45EA-BA86-8325B7FDE743}
		{6BD9B5E2-62AC-4633-A826-6F47AA4E67CC} = {59262958-930B-4F01-AB8C-80A3CF079B74}
		{130E5E91-77B3-41CD-9796-9A2E288E9142} = {A7BE4F9A-1838-45EA-BA86-8325B7FDE743}
		{9F8A53F2-0BFF-459A-A83A-E59C2473AA76} = {130E5E91-77B3-41CD-9796-9A2E288E9142}
		{52C67060-F6AB-4ADD-BA24-A6CA4A5CEC1F} = {A7BE4F9A-1838-45EA-BA86-8325B7FDE743}
		{27DCDBD2-A25C-4990-8F22-958AE8370740} = {52C67060-F6AB-4ADD-BA24-A6CA4A5CEC1F}
		{308F7E97-2E4D-44E9-B6F7-BB830C7AA681} = {52C67060-F6AB-4ADD-BA24-A6CA4A5CEC1F}
		{085F4304-F2DB-4994-9B27-D7479E9ADAE3} = {A7BE4F9A-1838-45EA-BA86-8325B7FDE743}
		{D6DA34A1-A026-4A18-8444-65B756E7CC89} = {085F4304-F2DB-4994-9B27-D7479E9ADAE3}
		{CBC92C17-D01D-4C26-8849-257889743174} = {085F4304-F2DB-4994-9B27-D7479E9ADAE3}
		{6AFA5235-DE6B-4DEA-A88A-18566A960F68} = {085F4304-F2DB-4994-9B27-D7479E9ADAE3}
		{705E93FC-8195-4E67-B91C-FF918B676EDF} = {085F4304-F2DB-4994-9B27-D7479E9ADAE3}
	EndGlobalSection
	GlobalSection(ExtensibilityGlobals) = postSolution
		SolutionGuid = {9596F8D4-529A-4D19-98A4-CBA4F507F0C8}
	EndGlobalSection
EndGlobal
