
Microsoft Visual Studio Solution File, Format Version 12.00
# Visual Studio Version 16
VisualStudioVersion = 16.0.31005.135
MinimumVisualStudioVersion = 10.0.40219.1
Project("{2150E333-8FDC-42A3-9474-1A3956D46DE8}") = "Services", "Services", "{A7BE4F9A-1838-45EA-BA86-8325B7FDE743}"
EndProject
Project("{2150E333-8FDC-42A3-9474-1A3956D46DE8}") = "Catalog", "Catalog", "{59262958-930B-4F01-AB8C-80A3CF079B74}"
EndProject
Project("{FAE04EC0-301F-11D3-BF4B-00C04F79EFBC}") = "Catalog.API", "Services\Catalog\Catalog.API\Catalog.API.csproj", "{6BD9B5E2-62AC-4633-A826-6F47AA4E67CC}"
EndProject
Project("{E53339B2-1760-4266-BCC7-CA923CBCF16C}") = "docker-compose", "docker-compose.dcproj", "{E7173F9B-167D-4E18-90F4-68FB1BBDB782}"
EndProject
Global
	GlobalSection(SolutionConfigurationPlatforms) = preSolution
		Debug|Any CPU = Debug|Any CPU
		Release|Any CPU = Release|Any CPU
	EndGlobalSection
	GlobalSection(ProjectConfigurationPlatforms) = postSolution
		{6BD9B5E2-62AC-4633-A826-6F47AA4E67CC}.Debug|Any CPU.ActiveCfg = Debug|Any CPU
		{6BD9B5E2-62AC-4633-A826-6F47AA4E67CC}.Debug|Any CPU.Build.0 = Debug|Any CPU
		{6BD9B5E2-62AC-4633-A826-6F47AA4E67CC}.Release|Any CPU.ActiveCfg = Release|Any CPU
		{6BD9B5E2-62AC-4633-A826-6F47AA4E67CC}.Release|Any CPU.Build.0 = Release|Any CPU
		{E7173F9B-167D-4E18-90F4-68FB1BBDB782}.Debug|Any CPU.ActiveCfg = Debug|Any CPU
		{E7173F9B-167D-4E18-90F4-68FB1BBDB782}.Debug|Any CPU.Build.0 = Debug|Any CPU
		{E7173F9B-167D-4E18-90F4-68FB1BBDB782}.Release|Any CPU.ActiveCfg = Release|Any CPU
		{E7173F9B-167D-4E18-90F4-68FB1BBDB782}.Release|Any CPU.Build.0 = Release|Any CPU
	EndGlobalSection
	GlobalSection(SolutionProperties) = preSolution
		HideSolutionNode = FALSE
	EndGlobalSection
	GlobalSection(NestedProjects) = preSolution
		{59262958-930B-4F01-AB8C-80A3CF079B74} = {A7BE4F9A-1838-45EA-BA86-8325B7FDE743}
		{6BD9B5E2-62AC-4633-A826-6F47AA4E67CC} = {59262958-930B-4F01-AB8C-80A3CF079B74}
	EndGlobalSection
	GlobalSection(ExtensibilityGlobals) = postSolution
		SolutionGuid = {9596F8D4-529A-4D19-98A4-CBA4F507F0C8}
	EndGlobalSection
EndGlobal
